// !$*UTF8*$!
{
	archiveVersion = 1;
	classes = {
	};
	objectVersion = 46;
	objects = {

/* Begin PBXBuildFile section */
		973C7E5C1EB081C6008B916A /* main.cpp in Sources */ = {isa = PBXBuildFile; fileRef = 973C7E5B1EB081C6008B916A /* main.cpp */; };
		973F41121EB08A8C0086EC0F /* libglfw.3.2.dylib in Frameworks */ = {isa = PBXBuildFile; fileRef = 973F41111EB08A8C0086EC0F /* libglfw.3.2.dylib */; };
		973F41141EB08A9A0086EC0F /* OpenGL.framework in Frameworks */ = {isa = PBXBuildFile; fileRef = 973F41131EB08A9A0086EC0F /* OpenGL.framework */; };
/* End PBXBuildFile section */

/* Begin PBXCopyFilesBuildPhase section */
		973C7E561EB081C6008B916A /* CopyFiles */ = {
			isa = PBXCopyFilesBuildPhase;
			buildActionMask = 2147483647;
			dstPath = /usr/share/man/man1/;
			dstSubfolderSpec = 0;
			files = (
			);
			runOnlyForDeploymentPostprocessing = 1;
		};
/* End PBXCopyFilesBuildPhase section */

/* Begin PBXFileReference section */
		973C7E581EB081C6008B916A /* OpenGL_Test */ = {isa = PBXFileReference; explicitFileType = "compiled.mach-o.executable"; includeInIndex = 0; path = OpenGL_Test; sourceTree = BUILT_PRODUCTS_DIR; };
		973C7E5B1EB081C6008B916A /* main.cpp */ = {isa = PBXFileReference; lastKnownFileType = sourcecode.cpp.cpp; path = main.cpp; sourceTree = "<group>"; };
		973F41111EB08A8C0086EC0F /* libglfw.3.2.dylib */ = {isa = PBXFileReference; lastKnownFileType = "compiled.mach-o.dylib"; name = libglfw.3.2.dylib; path = ../../../../../../../opt/local/lib/libglfw.3.2.dylib; sourceTree = "<group>"; };
		973F41131EB08A9A0086EC0F /* OpenGL.framework */ = {isa = PBXFileReference; lastKnownFileType = wrapper.framework; name = OpenGL.framework; path = System/Library/Frameworks/OpenGL.framework; sourceTree = SDKROOT; };
/* End PBXFileReference section */

/* Begin PBXFrameworksBuildPhase section */
		973C7E551EB081C6008B916A /* Frameworks */ = {
			isa = PBXFrameworksBuildPhase;
			buildActionMask = 2147483647;
			files = (
				973F41141EB08A9A0086EC0F /* OpenGL.framework in Frameworks */,
				973F41121EB08A8C0086EC0F /* libglfw.3.2.dylib in Frameworks */,
			);
			runOnlyForDeploymentPostprocessing = 0;
		};
/* End PBXFrameworksBuildPhase section */

/* Begin PBXGroup section */
		973C7E4F1EB081C6008B916A = {
			isa = PBXGroup;
			children = (
				973C7E5A1EB081C6008B916A /* OpenGL_Test */,
				973C7E591EB081C6008B916A /* Products */,
				973F41101EB08A8B0086EC0F /* Frameworks */,
			);
			sourceTree = "<group>";
		};
		973C7E591EB081C6008B916A /* Products */ = {
			isa = PBXGroup;
			children = (
				973C7E581EB081C6008B916A /* OpenGL_Test */,
			);
			name = Products;
			sourceTree = "<group>";
		};
		973C7E5A1EB081C6008B916A /* OpenGL_Test */ = {
			isa = PBXGroup;
			children = (
				973C7E5B1EB081C6008B916A /* main.cpp */,
			);
			path = OpenGL_Test;
			sourceTree = "<group>";
		};
		973F41101EB08A8B0086EC0F /* Frameworks */ = {
			isa = PBXGroup;
			children = (
				973F41131EB08A9A0086EC0F /* OpenGL.framework */,
				973F41111EB08A8C0086EC0F /* libglfw.3.2.dylib */,
			);
			name = Frameworks;
			sourceTree = "<group>";
		};
/* End PBXGroup section */

/* Begin PBXNativeTarget section */
		973C7E571EB081C6008B916A /* OpenGL_Test */ = {
			isa = PBXNativeTarget;
			buildConfigurationList = 973C7E5F1EB081C6008B916A /* Build configuration list for PBXNativeTarget "OpenGL_Test" */;
			buildPhases = (
				973C7E541EB081C6008B916A /* Sources */,
				973C7E551EB081C6008B916A /* Frameworks */,
				973C7E561EB081C6008B916A /* CopyFiles */,
			);
			buildRules = (
			);
			dependencies = (
			);
			name = OpenGL_Test;
			productName = OpenGL_Test;
			productReference = 973C7E581EB081C6008B916A /* OpenGL_Test */;
			productType = "com.apple.product-type.tool";
		};
/* End PBXNativeTarget section */

/* Begin PBXProject section */
		973C7E501EB081C6008B916A /* Project object */ = {
			isa = PBXProject;
			attributes = {
				LastUpgradeCheck = 0830;
				ORGANIZATIONNAME = "Daniel Muraveyko";
				TargetAttributes = {
					973C7E571EB081C6008B916A = {
						CreatedOnToolsVersion = 8.3.2;
						DevelopmentTeam = AE35MJPR3L;
						ProvisioningStyle = Automatic;
					};
				};
			};
			buildConfigurationList = 973C7E531EB081C6008B916A /* Build configuration list for PBXProject "OpenGL_Test" */;
			compatibilityVersion = "Xcode 3.2";
			developmentRegion = English;
			hasScannedForEncodings = 0;
			knownRegions = (
				en,
			);
			mainGroup = 973C7E4F1EB081C6008B916A;
			productRefGroup = 973C7E591EB081C6008B916A /* Products */;
			projectDirPath = "";
			projectRoot = "";
			targets = (
				973C7E571EB081C6008B916A /* OpenGL_Test */,
			);
		};
/* End PBXProject section */

/* Begin PBXSourcesBuildPhase section */
		973C7E541EB081C6008B916A /* Sources */ = {
			isa = PBXSourcesBuildPhase;
			buildActionMask = 2147483647;
			files = (
				973C7E5C1EB081C6008B916A /* main.cpp in Sources */,
			);
			runOnlyForDeploymentPostprocessing = 0;
		};
/* End PBXSourcesBuildPhase section */

/* Begin XCBuildConfiguration section */
		973C7E5D1EB081C6008B916A /* Debug */ = {
			isa = XCBuildConfiguration;
			buildSettings = {
				ALWAYS_SEARCH_USER_PATHS = NO;
				CLANG_ANALYZER_NONNULL = YES;
				CLANG_ANALYZER_NUMBER_OBJECT_CONVERSION = YES_AGGRESSIVE;
				CLANG_CXX_LANGUAGE_STANDARD = "gnu++0x";
				CLANG_CXX_LIBRARY = "libc++";
				CLANG_ENABLE_MODULES = YES;
				CLANG_ENABLE_OBJC_ARC = YES;
				CLANG_WARN_BOOL_CONVERSION = YES;
				CLANG_WARN_CONSTANT_CONVERSION = YES;
				CLANG_WARN_DIRECT_OBJC_ISA_USAGE = YES_ERROR;
				CLANG_WARN_DOCUMENTATION_COMMENTS = YES;
				CLANG_WARN_EMPTY_BODY = YES;
				CLANG_WARN_ENUM_CONVERSION = YES;
				CLANG_WARN_INFINITE_RECURSION = YES;
				CLANG_WARN_INT_CONVERSION = YES;
				CLANG_WARN_OBJC_ROOT_CLASS = YES_ERROR;
				CLANG_WARN_SUSPICIOUS_MOVE = YES;
				CLANG_WARN_UNREACHABLE_CODE = YES;
				CLANG_WARN__DUPLICATE_METHOD_MATCH = YES;
				CODE_SIGN_IDENTITY = "-";
				COPY_PHASE_STRIP = NO;
				DEBUG_INFORMATION_FORMAT = dwarf;
				ENABLE_STRICT_OBJC_MSGSEND = YES;
				ENABLE_TESTABILITY = YES;
				GCC_C_LANGUAGE_STANDARD = gnu99;
				GCC_DYNAMIC_NO_PIC = NO;
				GCC_NO_COMMON_BLOCKS = YES;
				GCC_OPTIMIZATION_LEVEL = 0;
				GCC_PREPROCESSOR_DEFINITIONS = (
					"DEBUG=1",
					"$(inherited)",
				);
				GCC_WARN_64_TO_32_BIT_CONVERSION = YES;
				GCC_WARN_ABOUT_RETURN_TYPE = YES_ERROR;
				GCC_WARN_UNDECLARED_SELECTOR = YES;
				GCC_WARN_UNINITIALIZED_AUTOS = YES_AGGRESSIVE;
				GCC_WARN_UNUSED_FUNCTION = YES;
				GCC_WARN_UNUSED_VARIABLE = YES;
				MACOSX_DEPLOYMENT_TARGET = 10.12;
				MTL_ENABLE_DEBUG_INFO = YES;
				ONLY_ACTIVE_ARCH = YES;
				SDKROOT = macosx;
			};
			name = Debug;
		};
		973C7E5E1EB081C6008B916A /* Release */ = {
			isa = XCBuildConfiguration;
			buildSettings = {
				ALWAYS_SEARCH_USER_PATHS = NO;
				CLANG_ANALYZER_NONNULL = YES;
				CLANG_ANALYZER_NUMBER_OBJECT_CONVERSION = YES_AGGRESSIVE;
				CLANG_CXX_LANGUAGE_STANDARD = "gnu++0x";
				CLANG_CXX_LIBRARY = "libc++";
				CLANG_ENABLE_MODULES = YES;
				CLANG_ENABLE_OBJC_ARC = YES;
				CLANG_WARN_BOOL_CONVERSION = YES;
				CLANG_WARN_CONSTANT_CONVERSION = YES;
				CLANG_WARN_DIRECT_OBJC_ISA_USAGE = YES_ERROR;
				CLANG_WARN_DOCUMENTATION_COMMENTS = YES;
				CLANG_WARN_EMPTY_BODY = YES;
				CLANG_WARN_ENUM_CONVERSION = YES;
				CLANG_WARN_INFINITE_RECURSION = YES;
				CLANG_WARN_INT_CONVERSION = YES;
				CLANG_WARN_OBJC_ROOT_CLASS = YES_ERROR;
				CLANG_WARN_SUSPICIOUS_MOVE = YES;
				CLANG_WARN_UNREACHABLE_CODE = YES;
				CLANG_WARN__DUPLICATE_METHOD_MATCH = YES;
				CODE_SIGN_IDENTITY = "-";
				COPY_PHASE_STRIP = NO;
				DEBUG_INFORMATION_FORMAT = "dwarf-with-dsym";
				ENABLE_NS_ASSERTIONS = NO;
				ENABLE_STRICT_OBJC_MSGSEND = YES;
				GCC_C_LANGUAGE_STANDARD = gnu99;
				GCC_NO_COMMON_BLOCKS = YES;
				GCC_WARN_64_TO_32_BIT_CONVERSION = YES;
				GCC_WARN_ABOUT_RETURN_TYPE = YES_ERROR;
				GCC_WARN_UNDECLARED_SELECTOR = YES;
				GCC_WARN_UNINITIALIZED_AUTOS = YES_AGGRESSIVE;
				GCC_WARN_UNUSED_FUNCTION = YES;
				GCC_WARN_UNUSED_VARIABLE = YES;
				MACOSX_DEPLOYMENT_TARGET = 10.12;
				MTL_ENABLE_DEBUG_INFO = NO;
				SDKROOT = macosx;
			};
			name = Release;
		};
		973C7E601EB081C6008B916A /* Debug */ = {
			isa = XCBuildConfiguration;
			buildSettings = {
				DEVELOPMENT_TEAM = AE35MJPR3L;
				HEADER_SEARCH_PATHS = " /usr/local/include/**";
				LIBRARY_SEARCH_PATHS = (
					"$(inherited)",
					/opt/local/lib,
				);
				PRODUCT_NAME = "$(TARGET_NAME)";
			};
			name = Debug;
		};
		973C7E611EB081C6008B916A /* Release */ = {
			isa = XCBuildConfiguration;
			buildSettings = {
				DEVELOPMENT_TEAM = AE35MJPR3L;
				HEADER_SEARCH_PATHS = " /usr/local/include/**";
				LIBRARY_SEARCH_PATHS = (
					"$(inherited)",
					/opt/local/lib,
				);
				PRODUCT_NAME = "$(TARGET_NAME)";
			};
			name = Release;
		};
/* End XCBuildConfiguration section */

/* Begin XCConfigurationList section */
		973C7E531EB081C6008B916A /* Build configuration list for PBXProject "OpenGL_Test" */ = {
			isa = XCConfigurationList;
			buildConfigurations = (
				973C7E5D1EB081C6008B916A /* Debug */,
				973C7E5E1EB081C6008B916A /* Release */,
			);
			defaultConfigurationIsVisible = 0;
			defaultConfigurationName = Release;
		};
		973C7E5F1EB081C6008B916A /* Build configuration list for PBXNativeTarget "OpenGL_Test" */ = {
			isa = XCConfigurationList;
			buildConfigurations = (
				973C7E601EB081C6008B916A /* Debug */,
				973C7E611EB081C6008B916A /* Release */,
			);
			defaultConfigurationIsVisible = 0;
			defaultConfigurationName = Release;
		};
/* End XCConfigurationList section */
	};
	rootObject = 973C7E501EB081C6008B916A /* Project object */;
}
