// !$*UTF8*$!
{
	archiveVersion = 1;
	classes = {
	};
	objectVersion = 46;
	objects = {

/* Begin PBXBuildFile section */
		9710DF811ECB4C19007BDEBF /* main.m in Sources */ = {isa = PBXBuildFile; fileRef = 9710DF801ECB4C19007BDEBF /* main.m */; };
		9710DF841ECB4C19007BDEBF /* AppDelegate.m in Sources */ = {isa = PBXBuildFile; fileRef = 9710DF831ECB4C19007BDEBF /* AppDelegate.m */; };
		9710DF871ECB4C19007BDEBF /* ViewController.m in Sources */ = {isa = PBXBuildFile; fileRef = 9710DF861ECB4C19007BDEBF /* ViewController.m */; };
		9710DF8A1ECB4C19007BDEBF /* Main.storyboard in Resources */ = {isa = PBXBuildFile; fileRef = 9710DF881ECB4C19007BDEBF /* Main.storyboard */; };
		9710DF8C1ECB4C19007BDEBF /* Assets.xcassets in Resources */ = {isa = PBXBuildFile; fileRef = 9710DF8B1ECB4C19007BDEBF /* Assets.xcassets */; };
		9710DF8F1ECB4C19007BDEBF /* LaunchScreen.storyboard in Resources */ = {isa = PBXBuildFile; fileRef = 9710DF8D1ECB4C19007BDEBF /* LaunchScreen.storyboard */; };
/* End PBXBuildFile section */

/* Begin PBXFileReference section */
		9710DF7C1ECB4C19007BDEBF /* Lab8.2.app */ = {isa = PBXFileReference; explicitFileType = wrapper.application; includeInIndex = 0; path = Lab8.2.app; sourceTree = BUILT_PRODUCTS_DIR; };
		9710DF801ECB4C19007BDEBF /* main.m */ = {isa = PBXFileReference; lastKnownFileType = sourcecode.c.objc; path = main.m; sourceTree = "<group>"; };
		9710DF821ECB4C19007BDEBF /* AppDelegate.h */ = {isa = PBXFileReference; lastKnownFileType = sourcecode.c.h; path = AppDelegate.h; sourceTree = "<group>"; };
		9710DF831ECB4C19007BDEBF /* AppDelegate.m */ = {isa = PBXFileReference; lastKnownFileType = sourcecode.c.objc; path = AppDelegate.m; sourceTree = "<group>"; };
		9710DF851ECB4C19007BDEBF /* ViewController.h */ = {isa = PBXFileReference; lastKnownFileType = sourcecode.c.h; path = ViewController.h; sourceTree = "<group>"; };
		9710DF861ECB4C19007BDEBF /* ViewController.m */ = {isa = PBXFileReference; lastKnownFileType = sourcecode.c.objc; path = ViewController.m; sourceTree = "<group>"; };
		9710DF891ECB4C19007BDEBF /* Base */ = {isa = PBXFileReference; lastKnownFileType = file.storyboard; name = Base; path = Base.lproj/Main.storyboard; sourceTree = "<group>"; };
		9710DF8B1ECB4C19007BDEBF /* Assets.xcassets */ = {isa = PBXFileReference; lastKnownFileType = folder.assetcatalog; path = Assets.xcassets; sourceTree = "<group>"; };
		9710DF8E1ECB4C19007BDEBF /* Base */ = {isa = PBXFileReference; lastKnownFileType = file.storyboard; name = Base; path = Base.lproj/LaunchScreen.storyboard; sourceTree = "<group>"; };
		9710DF901ECB4C19007BDEBF /* Info.plist */ = {isa = PBXFileReference; lastKnownFileType = text.plist.xml; path = Info.plist; sourceTree = "<group>"; };
/* End PBXFileReference section */

/* Begin PBXFrameworksBuildPhase section */
		9710DF791ECB4C19007BDEBF /* Frameworks */ = {
			isa = PBXFrameworksBuildPhase;
			buildActionMask = 2147483647;
			files = (
			);
			runOnlyForDeploymentPostprocessing = 0;
		};
/* End PBXFrameworksBuildPhase section */

/* Begin PBXGroup section */
		9710DF731ECB4C19007BDEBF = {
			isa = PBXGroup;
			children = (
				9710DF7E1ECB4C19007BDEBF /* Lab8.2 */,
				9710DF7D1ECB4C19007BDEBF /* Products */,
			);
			sourceTree = "<group>";
		};
		9710DF7D1ECB4C19007BDEBF /* Products */ = {
			isa = PBXGroup;
			children = (
				9710DF7C1ECB4C19007BDEBF /* Lab8.2.app */,
			);
			name = Products;
			sourceTree = "<group>";
		};
		9710DF7E1ECB4C19007BDEBF /* Lab8.2 */ = {
			isa = PBXGroup;
			children = (
				9710DF821ECB4C19007BDEBF /* AppDelegate.h */,
				9710DF831ECB4C19007BDEBF /* AppDelegate.m */,
				9710DF851ECB4C19007BDEBF /* ViewController.h */,
				9710DF861ECB4C19007BDEBF /* ViewController.m */,
				9710DF881ECB4C19007BDEBF /* Main.storyboard */,
				9710DF8B1ECB4C19007BDEBF /* Assets.xcassets */,
				9710DF8D1ECB4C19007BDEBF /* LaunchScreen.storyboard */,
				9710DF901ECB4C19007BDEBF /* Info.plist */,
				9710DF7F1ECB4C19007BDEBF /* Supporting Files */,
			);
			path = Lab8.2;
			sourceTree = "<group>";
		};
		9710DF7F1ECB4C19007BDEBF /* Supporting Files */ = {
			isa = PBXGroup;
			children = (
				9710DF801ECB4C19007BDEBF /* main.m */,
			);
			name = "Supporting Files";
			sourceTree = "<group>";
		};
/* End PBXGroup section */

/* Begin PBXNativeTarget section */
		9710DF7B1ECB4C19007BDEBF /* Lab8.2 */ = {
			isa = PBXNativeTarget;
			buildConfigurationList = 9710DF931ECB4C19007BDEBF /* Build configuration list for PBXNativeTarget "Lab8.2" */;
			buildPhases = (
				9710DF781ECB4C19007BDEBF /* Sources */,
				9710DF791ECB4C19007BDEBF /* Frameworks */,
				9710DF7A1ECB4C19007BDEBF /* Resources */,
			);
			buildRules = (
			);
			dependencies = (
			);
			name = Lab8.2;
			productName = Lab8.2;
			productReference = 9710DF7C1ECB4C19007BDEBF /* Lab8.2.app */;
			productType = "com.apple.product-type.application";
		};
/* End PBXNativeTarget section */

/* Begin PBXProject section */
		9710DF741ECB4C19007BDEBF /* Project object */ = {
			isa = PBXProject;
			attributes = {
				LastUpgradeCheck = 0830;
				ORGANIZATIONNAME = "Daniel Muraveyko";
				TargetAttributes = {
					9710DF7B1ECB4C19007BDEBF = {
						CreatedOnToolsVersion = 8.3.2;
						DevelopmentTeam = AE35MJPR3L;
						ProvisioningStyle = Automatic;
					};
				};
			};
			buildConfigurationList = 9710DF771ECB4C19007BDEBF /* Build configuration list for PBXProject "Lab8.2" */;
			compatibilityVersion = "Xcode 3.2";
			developmentRegion = English;
			hasScannedForEncodings = 0;
			knownRegions = (
				en,
				Base,
			);
			mainGroup = 9710DF731ECB4C19007BDEBF;
			productRefGroup = 9710DF7D1ECB4C19007BDEBF /* Products */;
			projectDirPath = "";
			projectRoot = "";
			targets = (
				9710DF7B1ECB4C19007BDEBF /* Lab8.2 */,
			);
		};
/* End PBXProject section */

/* Begin PBXResourcesBuildPhase section */
		9710DF7A1ECB4C19007BDEBF /* Resources */ = {
			isa = PBXResourcesBuildPhase;
			buildActionMask = 2147483647;
			files = (
				9710DF8F1ECB4C19007BDEBF /* LaunchScreen.storyboard in Resources */,
				9710DF8C1ECB4C19007BDEBF /* Assets.xcassets in Resources */,
				9710DF8A1ECB4C19007BDEBF /* Main.storyboard in Resources */,
			);
			runOnlyForDeploymentPostprocessing = 0;
		};
/* End PBXResourcesBuildPhase section */

/* Begin PBXSourcesBuildPhase section */
		9710DF781ECB4C19007BDEBF /* Sources */ = {
			isa = PBXSourcesBuildPhase;
			buildActionMask = 2147483647;
			files = (
				9710DF871ECB4C19007BDEBF /* ViewController.m in Sources */,
				9710DF841ECB4C19007BDEBF /* AppDelegate.m in Sources */,
				9710DF811ECB4C19007BDEBF /* main.m in Sources */,
			);
			runOnlyForDeploymentPostprocessing = 0;
		};
/* End PBXSourcesBuildPhase section */

/* Begin PBXVariantGroup section */
		9710DF881ECB4C19007BDEBF /* Main.storyboard */ = {
			isa = PBXVariantGroup;
			children = (
				9710DF891ECB4C19007BDEBF /* Base */,
			);
			name = Main.storyboard;
			sourceTree = "<group>";
		};
		9710DF8D1ECB4C19007BDEBF /* LaunchScreen.storyboard */ = {
			isa = PBXVariantGroup;
			children = (
				9710DF8E1ECB4C19007BDEBF /* Base */,
			);
			name = LaunchScreen.storyboard;
			sourceTree = "<group>";
		};
/* End PBXVariantGroup section */

/* Begin XCBuildConfiguration section */
		9710DF911ECB4C19007BDEBF /* Debug */ = {
			isa = XCBuildConfiguration;
			buildSettings = {
				ALWAYS_SEARCH_USER_PATHS = NO;
				CLANG_ANALYZER_NONNULL = YES;
				CLANG_ANALYZER_NUMBER_OBJECT_CONVERSION = YES_AGGRESSIVE;
				CLANG_CXX_LANGUAGE_STANDARD = "gnu++0x";
				CLANG_CXX_LIBRARY = "libc++";
				CLANG_ENABLE_MODULES = YES;
				CLANG_ENABLE_OBJC_ARC = YES;
				CLANG_WARN_BOOL_CONVERSION = YES;
				CLANG_WARN_CONSTANT_CONVERSION = YES;
				CLANG_WARN_DIRECT_OBJC_ISA_USAGE = YES_ERROR;
				CLANG_WARN_DOCUMENTATION_COMMENTS = YES;
				CLANG_WARN_EMPTY_BODY = YES;
				CLANG_WARN_ENUM_CONVERSION = YES;
				CLANG_WARN_INFINITE_RECURSION = YES;
				CLANG_WARN_INT_CONVERSION = YES;
				CLANG_WARN_OBJC_ROOT_CLASS = YES_ERROR;
				CLANG_WARN_SUSPICIOUS_MOVE = YES;
				CLANG_WARN_UNREACHABLE_CODE = YES;
				CLANG_WARN__DUPLICATE_METHOD_MATCH = YES;
				"CODE_SIGN_IDENTITY[sdk=iphoneos*]" = "iPhone Developer";
				COPY_PHASE_STRIP = NO;
				DEBUG_INFORMATION_FORMAT = dwarf;
				ENABLE_STRICT_OBJC_MSGSEND = YES;
				ENABLE_TESTABILITY = YES;
				GCC_C_LANGUAGE_STANDARD = gnu99;
				GCC_DYNAMIC_NO_PIC = NO;
				GCC_NO_COMMON_BLOCKS = YES;
				GCC_OPTIMIZATION_LEVEL = 0;
				GCC_PREPROCESSOR_DEFINITIONS = (
					"DEBUG=1",
					"$(inherited)",
				);
				GCC_WARN_64_TO_32_BIT_CONVERSION = YES;
				GCC_WARN_ABOUT_RETURN_TYPE = YES_ERROR;
				GCC_WARN_UNDECLARED_SELECTOR = YES;
				GCC_WARN_UNINITIALIZED_AUTOS = YES_AGGRESSIVE;
				GCC_WARN_UNUSED_FUNCTION = YES;
				GCC_WARN_UNUSED_VARIABLE = YES;
				IPHONEOS_DEPLOYMENT_TARGET = 10.3;
				MTL_ENABLE_DEBUG_INFO = YES;
				ONLY_ACTIVE_ARCH = YES;
				SDKROOT = iphoneos;
			};
			name = Debug;
		};
		9710DF921ECB4C19007BDEBF /* Release */ = {
			isa = XCBuildConfiguration;
			buildSettings = {
				ALWAYS_SEARCH_USER_PATHS = NO;
				CLANG_ANALYZER_NONNULL = YES;
				CLANG_ANALYZER_NUMBER_OBJECT_CONVERSION = YES_AGGRESSIVE;
				CLANG_CXX_LANGUAGE_STANDARD = "gnu++0x";
				CLANG_CXX_LIBRARY = "libc++";
				CLANG_ENABLE_MODULES = YES;
				CLANG_ENABLE_OBJC_ARC = YES;
				CLANG_WARN_BOOL_CONVERSION = YES;
				CLANG_WARN_CONSTANT_CONVERSION = YES;
				CLANG_WARN_DIRECT_OBJC_ISA_USAGE = YES_ERROR;
				CLANG_WARN_DOCUMENTATION_COMMENTS = YES;
				CLANG_WARN_EMPTY_BODY = YES;
				CLANG_WARN_ENUM_CONVERSION = YES;
				CLANG_WARN_INFINITE_RECURSION = YES;
				CLANG_WARN_INT_CONVERSION = YES;
				CLANG_WARN_OBJC_ROOT_CLASS = YES_ERROR;
				CLANG_WARN_SUSPICIOUS_MOVE = YES;
				CLANG_WARN_UNREACHABLE_CODE = YES;
				CLANG_WARN__DUPLICATE_METHOD_MATCH = YES;
				"CODE_SIGN_IDENTITY[sdk=iphoneos*]" = "iPhone Developer";
				COPY_PHASE_STRIP = NO;
				DEBUG_INFORMATION_FORMAT = "dwarf-with-dsym";
				ENABLE_NS_ASSERTIONS = NO;
				ENABLE_STRICT_OBJC_MSGSEND = YES;
				GCC_C_LANGUAGE_STANDARD = gnu99;
				GCC_NO_COMMON_BLOCKS = YES;
				GCC_WARN_64_TO_32_BIT_CONVERSION = YES;
				GCC_WARN_ABOUT_RETURN_TYPE = YES_ERROR;
				GCC_WARN_UNDECLARED_SELECTOR = YES;
				GCC_WARN_UNINITIALIZED_AUTOS = YES_AGGRESSIVE;
				GCC_WARN_UNUSED_FUNCTION = YES;
				GCC_WARN_UNUSED_VARIABLE = YES;
				IPHONEOS_DEPLOYMENT_TARGET = 10.3;
				MTL_ENABLE_DEBUG_INFO = NO;
				SDKROOT = iphoneos;
				VALIDATE_PRODUCT = YES;
			};
			name = Release;
		};
		9710DF941ECB4C19007BDEBF /* Debug */ = {
			isa = XCBuildConfiguration;
			buildSettings = {
				ASSETCATALOG_COMPILER_APPICON_NAME = AppIcon;
				DEVELOPMENT_TEAM = AE35MJPR3L;
				INFOPLIST_FILE = Lab8.2/Info.plist;
				LD_RUNPATH_SEARCH_PATHS = "$(inherited) @executable_path/Frameworks";
				PRODUCT_BUNDLE_IDENTIFIER = "murinc.Lab8-2";
				PRODUCT_NAME = "$(TARGET_NAME)";
			};
			name = Debug;
		};
		9710DF951ECB4C19007BDEBF /* Release */ = {
			isa = XCBuildConfiguration;
			buildSettings = {
				ASSETCATALOG_COMPILER_APPICON_NAME = AppIcon;
				DEVELOPMENT_TEAM = AE35MJPR3L;
				INFOPLIST_FILE = Lab8.2/Info.plist;
				LD_RUNPATH_SEARCH_PATHS = "$(inherited) @executable_path/Frameworks";
				PRODUCT_BUNDLE_IDENTIFIER = "murinc.Lab8-2";
				PRODUCT_NAME = "$(TARGET_NAME)";
			};
			name = Release;
		};
/* End XCBuildConfiguration section */

/* Begin XCConfigurationList section */
		9710DF771ECB4C19007BDEBF /* Build configuration list for PBXProject "Lab8.2" */ = {
			isa = XCConfigurationList;
			buildConfigurations = (
				9710DF911ECB4C19007BDEBF /* Debug */,
				9710DF921ECB4C19007BDEBF /* Release */,
			);
			defaultConfigurationIsVisible = 0;
			defaultConfigurationName = Release;
		};
		9710DF931ECB4C19007BDEBF /* Build configuration list for PBXNativeTarget "Lab8.2" */ = {
			isa = XCConfigurationList;
			buildConfigurations = (
				9710DF941ECB4C19007BDEBF /* Debug */,
				9710DF951ECB4C19007BDEBF /* Release */,
			);
			defaultConfigurationIsVisible = 0;
		};
/* End XCConfigurationList section */
	};
	rootObject = 9710DF741ECB4C19007BDEBF /* Project object */;
}
